
Microsoft Visual Studio Solution File, Format Version 12.00
# Visual Studio Version 17
VisualStudioVersion = 17.3.32825.248
MinimumVisualStudioVersion = 10.0.40219.1
Project("{9A19103F-16F7-4668-BE54-9A1E7A4F7556}") = "LaneGraphsMatrix", "LaneGraphsMatrix\LaneGraphsMatrix.csproj", "{421B077F-3068-408F-B629-568990D9313E}"
EndProject
Project("{9A19103F-16F7-4668-BE54-9A1E7A4F7556}") = "LanePermutations", "LanePermutations\LanePermutations.csproj", "{C79CB290-3F71-48A2-B13A-03BB876CDDB7}"
EndProject
Project("{9A19103F-16F7-4668-BE54-9A1E7A4F7556}") = "LaneLibrary", "LaneLibrary\LaneLibrary.csproj", "{C1761CE0-A73E-4FFC-8D8E-F27C49DB1CCD}"
EndProject
Project("{9A19103F-16F7-4668-BE54-9A1E7A4F7556}") = "LaneFiniteStateMachine", "LaneFiniteStateMachine\LaneFiniteStateMachine.csproj", "{9D47F88C-73B5-4F5E-B236-29E062D8D6E7}"
EndProject
Global
	GlobalSection(SolutionConfigurationPlatforms) = preSolution
		Debug|Any CPU = Debug|Any CPU
		Release|Any CPU = Release|Any CPU
	EndGlobalSection
	GlobalSection(ProjectConfigurationPlatforms) = postSolution
		{421B077F-3068-408F-B629-568990D9313E}.Debug|Any CPU.ActiveCfg = Debug|Any CPU
		{421B077F-3068-408F-B629-568990D9313E}.Debug|Any CPU.Build.0 = Debug|Any CPU
		{421B077F-3068-408F-B629-568990D9313E}.Release|Any CPU.ActiveCfg = Release|Any CPU
		{421B077F-3068-408F-B629-568990D9313E}.Release|Any CPU.Build.0 = Release|Any CPU
		{C79CB290-3F71-48A2-B13A-03BB876CDDB7}.Debug|Any CPU.ActiveCfg = Debug|Any CPU
		{C79CB290-3F71-48A2-B13A-03BB876CDDB7}.Debug|Any CPU.Build.0 = Debug|Any CPU
		{C79CB290-3F71-48A2-B13A-03BB876CDDB7}.Release|Any CPU.ActiveCfg = Release|Any CPU
		{C79CB290-3F71-48A2-B13A-03BB876CDDB7}.Release|Any CPU.Build.0 = Release|Any CPU
		{C1761CE0-A73E-4FFC-8D8E-F27C49DB1CCD}.Debug|Any CPU.ActiveCfg = Debug|Any CPU
		{C1761CE0-A73E-4FFC-8D8E-F27C49DB1CCD}.Debug|Any CPU.Build.0 = Debug|Any CPU
		{C1761CE0-A73E-4FFC-8D8E-F27C49DB1CCD}.Release|Any CPU.ActiveCfg = Release|Any CPU
		{C1761CE0-A73E-4FFC-8D8E-F27C49DB1CCD}.Release|Any CPU.Build.0 = Release|Any CPU
		{9D47F88C-73B5-4F5E-B236-29E062D8D6E7}.Debug|Any CPU.ActiveCfg = Debug|Any CPU
		{9D47F88C-73B5-4F5E-B236-29E062D8D6E7}.Debug|Any CPU.Build.0 = Debug|Any CPU
		{9D47F88C-73B5-4F5E-B236-29E062D8D6E7}.Release|Any CPU.ActiveCfg = Release|Any CPU
		{9D47F88C-73B5-4F5E-B236-29E062D8D6E7}.Release|Any CPU.Build.0 = Release|Any CPU
	EndGlobalSection
	GlobalSection(SolutionProperties) = preSolution
		HideSolutionNode = FALSE
	EndGlobalSection
	GlobalSection(ExtensibilityGlobals) = postSolution
		SolutionGuid = {AC9BEFC0-D62E-420E-9736-C24FCB9FFB1F}
	EndGlobalSection
EndGlobal
